
Microsoft Visual Studio Solution File, Format Version 12.00
# Visual Studio Version 16
VisualStudioVersion = 16.0.31605.320
MinimumVisualStudioVersion = 10.0.40219.1
Project("{FAE04EC0-301F-11D3-BF4B-00C04F79EFBC}") = "MyDictionary", "MyDictionary\MyDictionary.csproj", "{0905B174-6CD0-41B8-9820-A4A0EACF7800}"
EndProject
Global
	GlobalSection(SolutionConfigurationPlatforms) = preSolution
		Debug|Any CPU = Debug|Any CPU
		Release|Any CPU = Release|Any CPU
	EndGlobalSection
	GlobalSection(ProjectConfigurationPlatforms) = postSolution
		{0905B174-6CD0-41B8-9820-A4A0EACF7800}.Debug|Any CPU.ActiveCfg = Debug|Any CPU
		{0905B174-6CD0-41B8-9820-A4A0EACF7800}.Debug|Any CPU.Build.0 = Debug|Any CPU
		{0905B174-6CD0-41B8-9820-A4A0EACF7800}.Release|Any CPU.ActiveCfg = Release|Any CPU
		{0905B174-6CD0-41B8-9820-A4A0EACF7800}.Release|Any CPU.Build.0 = Release|Any CPU
	EndGlobalSection
	GlobalSection(SolutionProperties) = preSolution
		HideSolutionNode = FALSE
	EndGlobalSection
	GlobalSection(ExtensibilityGlobals) = postSolution
		SolutionGuid = {91EC51F5-3583-4CEF-B5C0-9B0AAC633D8C}
	EndGlobalSection
EndGlobal
